
Microsoft Visual Studio Solution File, Format Version 12.00
# Visual Studio Version 17
VisualStudioVersion = 17.12.35527.113 d17.12
MinimumVisualStudioVersion = 10.0.40219.1
Project("{E24C65DC-7377-472B-9ABA-BC803B73C61A}") = "ReportsWebsiteTest", "ReportsWebsiteTest\", "{5C3BDF7A-BBD9-4525-B961-3156F2DCEE07}"
	ProjectSection(WebsiteProperties) = preProject
		TargetFrameworkMoniker = ".NETFramework,Version%3Dv4.7.2"
		Debug.AspNetCompiler.VirtualPath = "/localhost_51857"
		Debug.AspNetCompiler.PhysicalPath = "ReportsWebsiteTest\"
		Debug.AspNetCompiler.TargetPath = "PrecompiledWeb\localhost_51857\"
		Debug.AspNetCompiler.Updateable = "true"
		Debug.AspNetCompiler.ForceOverwrite = "true"
		Debug.AspNetCompiler.FixedNames = "false"
		Debug.AspNetCompiler.Debug = "True"
		Release.AspNetCompiler.VirtualPath = "/localhost_51857"
		Release.AspNetCompiler.PhysicalPath = "ReportsWebsiteTest\"
		Release.AspNetCompiler.TargetPath = "PrecompiledWeb\localhost_51857\"
		Release.AspNetCompiler.Updateable = "true"
		Release.AspNetCompiler.ForceOverwrite = "true"
		Release.AspNetCompiler.FixedNames = "false"
		Release.AspNetCompiler.Debug = "False"
		VWDPort = "51857"
		SlnRelativePath = "ReportsWebsiteTest\"
		DefaultWebSiteLanguage = "Visual C#"
	EndProjectSection
EndProject
Global
	GlobalSection(SolutionConfigurationPlatforms) = preSolution
		Debug|Any CPU = Debug|Any CPU
	EndGlobalSection
	GlobalSection(ProjectConfigurationPlatforms) = postSolution
		{5C3BDF7A-BBD9-4525-B961-3156F2DCEE07}.Debug|Any CPU.ActiveCfg = Debug|Any CPU
		{5C3BDF7A-BBD9-4525-B961-3156F2DCEE07}.Debug|Any CPU.Build.0 = Debug|Any CPU
	EndGlobalSection
	GlobalSection(SolutionProperties) = preSolution
		HideSolutionNode = FALSE
	EndGlobalSection
EndGlobal
